
Microsoft Visual Studio Solution File, Format Version 12.00
# Visual Studio Version 16
VisualStudioVersion = 16.0.29215.179
MinimumVisualStudioVersion = 10.0.40219.1
Project("{FAE04EC0-301F-11D3-BF4B-00C04F79EFBC}") = "webshop", "webshop.csproj", "{4A6F0A1D-2070-41F9-BE60-66765B10FAE2}"
EndProject
Global
	GlobalSection(SolutionConfigurationPlatforms) = preSolution
		Debug|Any CPU = Debug|Any CPU
		Release|Any CPU = Release|Any CPU
	EndGlobalSection
	GlobalSection(ProjectConfigurationPlatforms) = postSolution
		{4A6F0A1D-2070-41F9-BE60-66765B10FAE2}.Debug|Any CPU.ActiveCfg = Debug|Any CPU
		{4A6F0A1D-2070-41F9-BE60-66765B10FAE2}.Debug|Any CPU.Build.0 = Debug|Any CPU
		{4A6F0A1D-2070-41F9-BE60-66765B10FAE2}.Release|Any CPU.ActiveCfg = Release|Any CPU
		{4A6F0A1D-2070-41F9-BE60-66765B10FAE2}.Release|Any CPU.Build.0 = Release|Any CPU
	EndGlobalSection
	GlobalSection(SolutionProperties) = preSolution
		HideSolutionNode = FALSE
	EndGlobalSection
	GlobalSection(ExtensibilityGlobals) = postSolution
		SolutionGuid = {7F9E3D8D-3E8A-4B46-AEEE-67DB01F2DE2F}
	EndGlobalSection
EndGlobal
